// !$*UTF8*$!
{
	archiveVersion = 1;
	classes = {
	};
	objectVersion = 46;
	objects = {

/* Begin PBXBuildFile section */
		FE303BDD1C21500F009D9993 /* main.m in Sources */ = {isa = PBXBuildFile; fileRef = FE303BDC1C21500F009D9993 /* main.m */; };
		FE303BE01C21500F009D9993 /* AppDelegate.m in Sources */ = {isa = PBXBuildFile; fileRef = FE303BDF1C21500F009D9993 /* AppDelegate.m */; };
		FE303BE61C21500F009D9993 /* Main.storyboard in Resources */ = {isa = PBXBuildFile; fileRef = FE303BE41C21500F009D9993 /* Main.storyboard */; };
		FE303BE81C21500F009D9993 /* Assets.xcassets in Resources */ = {isa = PBXBuildFile; fileRef = FE303BE71C21500F009D9993 /* Assets.xcassets */; };
		FE303BEB1C21500F009D9993 /* LaunchScreen.storyboard in Resources */ = {isa = PBXBuildFile; fileRef = FE303BE91C21500F009D9993 /* LaunchScreen.storyboard */; };
		FE303BF61C21500F009D9993 /* lianxi__babyBoxTests.m in Sources */ = {isa = PBXBuildFile; fileRef = FE303BF51C21500F009D9993 /* lianxi__babyBoxTests.m */; };
		FE303C011C21500F009D9993 /* lianxi__babyBoxUITests.m in Sources */ = {isa = PBXBuildFile; fileRef = FE303C001C21500F009D9993 /* lianxi__babyBoxUITests.m */; };
		FE303C101C215108009D9993 /* BB_BaseViewController.m in Sources */ = {isa = PBXBuildFile; fileRef = FE303C0F1C215108009D9993 /* BB_BaseViewController.m */; };
		FE303C131C215125009D9993 /* BB_LearnViewController.m in Sources */ = {isa = PBXBuildFile; fileRef = FE303C121C215125009D9993 /* BB_LearnViewController.m */; };
		FE303C161C215180009D9993 /* BB_StoryViewController.m in Sources */ = {isa = PBXBuildFile; fileRef = FE303C151C215180009D9993 /* BB_StoryViewController.m */; };
		FE303C191C215191009D9993 /* BB_MineViewController.m in Sources */ = {isa = PBXBuildFile; fileRef = FE303C181C215191009D9993 /* BB_MineViewController.m */; };
		FE303C401C215226009D9993 /* 1@2x.png in Resources */ = {isa = PBXBuildFile; fileRef = FE303C1B1C215226009D9993 /* 1@2x.png */; };
		FE303C411C215226009D9993 /* 2@2x.png in Resources */ = {isa = PBXBuildFile; fileRef = FE303C1C1C215226009D9993 /* 2@2x.png */; };
		FE303C421C215226009D9993 /* 3@2x.png in Resources */ = {isa = PBXBuildFile; fileRef = FE303C1D1C215226009D9993 /* 3@2x.png */; };
		FE303C431C215226009D9993 /* 4@2x.png in Resources */ = {isa = PBXBuildFile; fileRef = FE303C1E1C215226009D9993 /* 4@2x.png */; };
		FE303C441C215226009D9993 /* 5@2x.png in Resources */ = {isa = PBXBuildFile; fileRef = FE303C1F1C215226009D9993 /* 5@2x.png */; };
		FE303C451C215226009D9993 /* 6@2x.png in Resources */ = {isa = PBXBuildFile; fileRef = FE303C201C215226009D9993 /* 6@2x.png */; };
		FE303C461C215226009D9993 /* 7@2x.png in Resources */ = {isa = PBXBuildFile; fileRef = FE303C211C215226009D9993 /* 7@2x.png */; };
		FE303C471C215226009D9993 /* 8@2x.png in Resources */ = {isa = PBXBuildFile; fileRef = FE303C221C215226009D9993 /* 8@2x.png */; };
		FE303C481C215226009D9993 /* 9@2x.png in Resources */ = {isa = PBXBuildFile; fileRef = FE303C231C215226009D9993 /* 9@2x.png */; };
		FE303C491C215226009D9993 /* Icon.png in Resources */ = {isa = PBXBuildFile; fileRef = FE303C241C215226009D9993 /* Icon.png */; };
		FE303C4A1C215226009D9993 /* treasure.png in Resources */ = {isa = PBXBuildFile; fileRef = FE303C251C215226009D9993 /* treasure.png */; };
		FE303C4B1C215226009D9993 /* 三角形@2x.png in Resources */ = {isa = PBXBuildFile; fileRef = FE303C261C215226009D9993 /* 三角形@2x.png */; };
		FE303C4C1C215226009D9993 /* 听.png in Resources */ = {isa = PBXBuildFile; fileRef = FE303C271C215226009D9993 /* 听.png */; };
		FE303C4D1C215226009D9993 /* 听@2x.png in Resources */ = {isa = PBXBuildFile; fileRef = FE303C281C215226009D9993 /* 听@2x.png */; };
		FE303C4E1C215226009D9993 /* 圆形@2x.png in Resources */ = {isa = PBXBuildFile; fileRef = FE303C291C215226009D9993 /* 圆形@2x.png */; };
		FE303C4F1C215226009D9993 /* 我.png in Resources */ = {isa = PBXBuildFile; fileRef = FE303C2A1C215226009D9993 /* 我.png */; };
		FE303C501C215226009D9993 /* 我@2x.png in Resources */ = {isa = PBXBuildFile; fileRef = FE303C2B1C215226009D9993 /* 我@2x.png */; };
		FE303C511C215226009D9993 /* 梯形@2x.png in Resources */ = {isa = PBXBuildFile; fileRef = FE303C2C1C215226009D9993 /* 梯形@2x.png */; };
		FE303C521C215226009D9993 /* 正方形@2x.png in Resources */ = {isa = PBXBuildFile; fileRef = FE303C2D1C215226009D9993 /* 正方形@2x.png */; };
		FE303C531C215226009D9993 /* 牛@2x.png in Resources */ = {isa = PBXBuildFile; fileRef = FE303C2E1C215226009D9993 /* 牛@2x.png */; };
		FE303C541C215226009D9993 /* 狗@2x.png in Resources */ = {isa = PBXBuildFile; fileRef = FE303C2F1C215226009D9993 /* 狗@2x.png */; };
		FE303C551C215226009D9993 /* 猪@2x.png in Resources */ = {isa = PBXBuildFile; fileRef = FE303C301C215226009D9993 /* 猪@2x.png */; };
		FE303C561C215226009D9993 /* 猫@2x.png in Resources */ = {isa = PBXBuildFile; fileRef = FE303C311C215226009D9993 /* 猫@2x.png */; };
		FE303C571C215226009D9993 /* 羊@2x.png in Resources */ = {isa = PBXBuildFile; fileRef = FE303C321C215226009D9993 /* 羊@2x.png */; };
		FE303C581C215226009D9993 /* 老鼠@2x.png in Resources */ = {isa = PBXBuildFile; fileRef = FE303C331C215226009D9993 /* 老鼠@2x.png */; };
		FE303C591C215226009D9993 /* 菱形@2x.png in Resources */ = {isa = PBXBuildFile; fileRef = FE303C341C215226009D9993 /* 菱形@2x.png */; };
		FE303C5A1C215226009D9993 /* 识.png in Resources */ = {isa = PBXBuildFile; fileRef = FE303C351C215226009D9993 /* 识.png */; };
		FE303C5B1C215226009D9993 /* 识@2x.png in Resources */ = {isa = PBXBuildFile; fileRef = FE303C361C215226009D9993 /* 识@2x.png */; };
		FE303C5C1C215226009D9993 /* 识动物.png in Resources */ = {isa = PBXBuildFile; fileRef = FE303C371C215226009D9993 /* 识动物.png */; };
		FE303C5D1C215226009D9993 /* 识形状.png in Resources */ = {isa = PBXBuildFile; fileRef = FE303C381C215226009D9993 /* 识形状.png */; };
		FE303C5E1C215226009D9993 /* 识数字.png in Resources */ = {isa = PBXBuildFile; fileRef = FE303C391C215226009D9993 /* 识数字.png */; };
		FE303C5F1C215226009D9993 /* 识颜色.png in Resources */ = {isa = PBXBuildFile; fileRef = FE303C3A1C215226009D9993 /* 识颜色.png */; };
		FE303C601C215226009D9993 /* 长方形@2x.png in Resources */ = {isa = PBXBuildFile; fileRef = FE303C3B1C215226009D9993 /* 长方形@2x.png */; };
		FE303C611C215226009D9993 /* 马@2x.png in Resources */ = {isa = PBXBuildFile; fileRef = FE303C3C1C215226009D9993 /* 马@2x.png */; };
		FE303C621C215226009D9993 /* 鸡@2x.png in Resources */ = {isa = PBXBuildFile; fileRef = FE303C3D1C215226009D9993 /* 鸡@2x.png */; };
		FE303C631C215226009D9993 /* 鸭@2x.png in Resources */ = {isa = PBXBuildFile; fileRef = FE303C3E1C215226009D9993 /* 鸭@2x.png */; };
		FE303C641C215226009D9993 /* 鹿@2x.png in Resources */ = {isa = PBXBuildFile; fileRef = FE303C3F1C215226009D9993 /* 鹿@2x.png */; };
		FE303C691C215856009D9993 /* BabyBox.plist in Resources */ = {isa = PBXBuildFile; fileRef = FE303C681C215856009D9993 /* BabyBox.plist */; };
		FE303C6C1C216054009D9993 /* BB_LearnDetailViewController.m in Sources */ = {isa = PBXBuildFile; fileRef = FE303C6B1C216054009D9993 /* BB_LearnDetailViewController.m */; };
		FE303C6F1C217C78009D9993 /* BB_LearnShapeView.m in Sources */ = {isa = PBXBuildFile; fileRef = FE303C6E1C217C78009D9993 /* BB_LearnShapeView.m */; };
		FE303C721C217CA6009D9993 /* BB_LearnNumberView.m in Sources */ = {isa = PBXBuildFile; fileRef = FE303C711C217CA6009D9993 /* BB_LearnNumberView.m */; };
		FE303C751C217CBF009D9993 /* BB_LearnAnimal.m in Sources */ = {isa = PBXBuildFile; fileRef = FE303C741C217CBF009D9993 /* BB_LearnAnimal.m */; };
/* End PBXBuildFile section */

/* Begin PBXContainerItemProxy section */
		FE303BF21C21500F009D9993 /* PBXContainerItemProxy */ = {
			isa = PBXContainerItemProxy;
			containerPortal = FE303BD01C21500F009D9993 /* Project object */;
			proxyType = 1;
			remoteGlobalIDString = FE303BD71C21500F009D9993;
			remoteInfo = "lianxi--babyBox";
		};
		FE303BFD1C21500F009D9993 /* PBXContainerItemProxy */ = {
			isa = PBXContainerItemProxy;
			containerPortal = FE303BD01C21500F009D9993 /* Project object */;
			proxyType = 1;
			remoteGlobalIDString = FE303BD71C21500F009D9993;
			remoteInfo = "lianxi--babyBox";
		};
/* End PBXContainerItemProxy section */

/* Begin PBXFileReference section */
		FE303BD81C21500F009D9993 /* lianxi--babyBox.app */ = {isa = PBXFileReference; explicitFileType = wrapper.application; includeInIndex = 0; path = "lianxi--babyBox.app"; sourceTree = BUILT_PRODUCTS_DIR; };
		FE303BDC1C21500F009D9993 /* main.m */ = {isa = PBXFileReference; lastKnownFileType = sourcecode.c.objc; path = main.m; sourceTree = "<group>"; };
		FE303BDE1C21500F009D9993 /* AppDelegate.h */ = {isa = PBXFileReference; lastKnownFileType = sourcecode.c.h; path = AppDelegate.h; sourceTree = "<group>"; };
		FE303BDF1C21500F009D9993 /* AppDelegate.m */ = {isa = PBXFileReference; lastKnownFileType = sourcecode.c.objc; path = AppDelegate.m; sourceTree = "<group>"; };
		FE303BE51C21500F009D9993 /* Base */ = {isa = PBXFileReference; lastKnownFileType = file.storyboard; name = Base; path = Base.lproj/Main.storyboard; sourceTree = "<group>"; };
		FE303BE71C21500F009D9993 /* Assets.xcassets */ = {isa = PBXFileReference; lastKnownFileType = folder.assetcatalog; path = Assets.xcassets; sourceTree = "<group>"; };
		FE303BEA1C21500F009D9993 /* Base */ = {isa = PBXFileReference; lastKnownFileType = file.storyboard; name = Base; path = Base.lproj/LaunchScreen.storyboard; sourceTree = "<group>"; };
		FE303BEC1C21500F009D9993 /* Info.plist */ = {isa = PBXFileReference; lastKnownFileType = text.plist.xml; path = Info.plist; sourceTree = "<group>"; };
		FE303BF11C21500F009D9993 /* lianxi--babyBoxTests.xctest */ = {isa = PBXFileReference; explicitFileType = wrapper.cfbundle; includeInIndex = 0; path = "lianxi--babyBoxTests.xctest"; sourceTree = BUILT_PRODUCTS_DIR; };
		FE303BF51C21500F009D9993 /* lianxi__babyBoxTests.m */ = {isa = PBXFileReference; lastKnownFileType = sourcecode.c.objc; path = lianxi__babyBoxTests.m; sourceTree = "<group>"; };
		FE303BF71C21500F009D9993 /* Info.plist */ = {isa = PBXFileReference; lastKnownFileType = text.plist.xml; path = Info.plist; sourceTree = "<group>"; };
		FE303BFC1C21500F009D9993 /* lianxi--babyBoxUITests.xctest */ = {isa = PBXFileReference; explicitFileType = wrapper.cfbundle; includeInIndex = 0; path = "lianxi--babyBoxUITests.xctest"; sourceTree = BUILT_PRODUCTS_DIR; };
		FE303C001C21500F009D9993 /* lianxi__babyBoxUITests.m */ = {isa = PBXFileReference; lastKnownFileType = sourcecode.c.objc; path = lianxi__babyBoxUITests.m; sourceTree = "<group>"; };
		FE303C021C21500F009D9993 /* Info.plist */ = {isa = PBXFileReference; lastKnownFileType = text.plist.xml; path = Info.plist; sourceTree = "<group>"; };
		FE303C0E1C215108009D9993 /* BB_BaseViewController.h */ = {isa = PBXFileReference; fileEncoding = 4; lastKnownFileType = sourcecode.c.h; name = BB_BaseViewController.h; path = ../../BB_BaseViewController.h; sourceTree = "<group>"; };
		FE303C0F1C215108009D9993 /* BB_BaseViewController.m */ = {isa = PBXFileReference; fileEncoding = 4; lastKnownFileType = sourcecode.c.objc; name = BB_BaseViewController.m; path = ../../BB_BaseViewController.m; sourceTree = "<group>"; };
		FE303C111C215125009D9993 /* BB_LearnViewController.h */ = {isa = PBXFileReference; fileEncoding = 4; lastKnownFileType = sourcecode.c.h; name = BB_LearnViewController.h; path = ../../BB_LearnViewController.h; sourceTree = "<group>"; };
		FE303C121C215125009D9993 /* BB_LearnViewController.m */ = {isa = PBXFileReference; fileEncoding = 4; lastKnownFileType = sourcecode.c.objc; name = BB_LearnViewController.m; path = ../../BB_LearnViewController.m; sourceTree = "<group>"; };
		FE303C141C215180009D9993 /* BB_StoryViewController.h */ = {isa = PBXFileReference; fileEncoding = 4; lastKnownFileType = sourcecode.c.h; name = BB_StoryViewController.h; path = ../../BB_StoryViewController.h; sourceTree = "<group>"; };
		FE303C151C215180009D9993 /* BB_StoryViewController.m */ = {isa = PBXFileReference; fileEncoding = 4; lastKnownFileType = sourcecode.c.objc; name = BB_StoryViewController.m; path = ../../BB_StoryViewController.m; sourceTree = "<group>"; };
		FE303C171C215191009D9993 /* BB_MineViewController.h */ = {isa = PBXFileReference; fileEncoding = 4; lastKnownFileType = sourcecode.c.h; name = BB_MineViewController.h; path = ../../BB_MineViewController.h; sourceTree = "<group>"; };
		FE303C181C215191009D9993 /* BB_MineViewController.m */ = {isa = PBXFileReference; fileEncoding = 4; lastKnownFileType = sourcecode.c.objc; name = BB_MineViewController.m; path = ../../BB_MineViewController.m; sourceTree = "<group>"; };
		FE303C1B1C215226009D9993 /* 1@2x.png */ = {isa = PBXFileReference; lastKnownFileType = image.png; path = "1@2x.png"; sourceTree = "<group>"; };
		FE303C1C1C215226009D9993 /* 2@2x.png */ = {isa = PBXFileReference; lastKnownFileType = image.png; path = "2@2x.png"; sourceTree = "<group>"; };
		FE303C1D1C215226009D9993 /* 3@2x.png */ = {isa = PBXFileReference; lastKnownFileType = image.png; path = "3@2x.png"; sourceTree = "<group>"; };
		FE303C1E1C215226009D9993 /* 4@2x.png */ = {isa = PBXFileReference; lastKnownFileType = image.png; path = "4@2x.png"; sourceTree = "<group>"; };
		FE303C1F1C215226009D9993 /* 5@2x.png */ = {isa = PBXFileReference; lastKnownFileType = image.png; path = "5@2x.png"; sourceTree = "<group>"; };
		FE303C201C215226009D9993 /* 6@2x.png */ = {isa = PBXFileReference; lastKnownFileType = image.png; path = "6@2x.png"; sourceTree = "<group>"; };
		FE303C211C215226009D9993 /* 7@2x.png */ = {isa = PBXFileReference; lastKnownFileType = image.png; path = "7@2x.png"; sourceTree = "<group>"; };
		FE303C221C215226009D9993 /* 8@2x.png */ = {isa = PBXFileReference; lastKnownFileType = image.png; path = "8@2x.png"; sourceTree = "<group>"; };
		FE303C231C215226009D9993 /* 9@2x.png */ = {isa = PBXFileReference; lastKnownFileType = image.png; path = "9@2x.png"; sourceTree = "<group>"; };
		FE303C241C215226009D9993 /* Icon.png */ = {isa = PBXFileReference; lastKnownFileType = image.png; path = Icon.png; sourceTree = "<group>"; };
		FE303C251C215226009D9993 /* treasure.png */ = {isa = PBXFileReference; lastKnownFileType = image.png; path = treasure.png; sourceTree = "<group>"; };
		FE303C261C215226009D9993 /* 三角形@2x.png */ = {isa = PBXFileReference; lastKnownFileType = image.png; path = "三角形@2x.png"; sourceTree = "<group>"; };
		FE303C271C215226009D9993 /* 听.png */ = {isa = PBXFileReference; lastKnownFileType = image.png; path = "听.png"; sourceTree = "<group>"; };
		FE303C281C215226009D9993 /* 听@2x.png */ = {isa = PBXFileReference; lastKnownFileType = image.png; path = "听@2x.png"; sourceTree = "<group>"; };
		FE303C291C215226009D9993 /* 圆形@2x.png */ = {isa = PBXFileReference; lastKnownFileType = image.png; path = "圆形@2x.png"; sourceTree = "<group>"; };
		FE303C2A1C215226009D9993 /* 我.png */ = {isa = PBXFileReference; lastKnownFileType = image.png; path = "我.png"; sourceTree = "<group>"; };
		FE303C2B1C215226009D9993 /* 我@2x.png */ = {isa = PBXFileReference; lastKnownFileType = image.png; path = "我@2x.png"; sourceTree = "<group>"; };
		FE303C2C1C215226009D9993 /* 梯形@2x.png */ = {isa = PBXFileReference; lastKnownFileType = image.png; path = "梯形@2x.png"; sourceTree = "<group>"; };
		FE303C2D1C215226009D9993 /* 正方形@2x.png */ = {isa = PBXFileReference; lastKnownFileType = image.png; path = "正方形@2x.png"; sourceTree = "<group>"; };
		FE303C2E1C215226009D9993 /* 牛@2x.png */ = {isa = PBXFileReference; lastKnownFileType = image.png; path = "牛@2x.png"; sourceTree = "<group>"; };
		FE303C2F1C215226009D9993 /* 狗@2x.png */ = {isa = PBXFileReference; lastKnownFileType = image.png; path = "狗@2x.png"; sourceTree = "<group>"; };
		FE303C301C215226009D9993 /* 猪@2x.png */ = {isa = PBXFileReference; lastKnownFileType = image.png; path = "猪@2x.png"; sourceTree = "<group>"; };
		FE303C311C215226009D9993 /* 猫@2x.png */ = {isa = PBXFileReference; lastKnownFileType = image.png; path = "猫@2x.png"; sourceTree = "<group>"; };
		FE303C321C215226009D9993 /* 羊@2x.png */ = {isa = PBXFileReference; lastKnownFileType = image.png; path = "羊@2x.png"; sourceTree = "<group>"; };
		FE303C331C215226009D9993 /* 老鼠@2x.png */ = {isa = PBXFileReference; lastKnownFileType = image.png; path = "老鼠@2x.png"; sourceTree = "<group>"; };
		FE303C341C215226009D9993 /* 菱形@2x.png */ = {isa = PBXFileReference; lastKnownFileType = image.png; path = "菱形@2x.png"; sourceTree = "<group>"; };
		FE303C351C215226009D9993 /* 识.png */ = {isa = PBXFileReference; lastKnownFileType = image.png; path = "识.png"; sourceTree = "<group>"; };
		FE303C361C215226009D9993 /* 识@2x.png */ = {isa = PBXFileReference; lastKnownFileType = image.png; path = "识@2x.png"; sourceTree = "<group>"; };
		FE303C371C215226009D9993 /* 识动物.png */ = {isa = PBXFileReference; lastKnownFileType = image.png; path = "识动物.png"; sourceTree = "<group>"; };
		FE303C381C215226009D9993 /* 识形状.png */ = {isa = PBXFileReference; lastKnownFileType = image.png; path = "识形状.png"; sourceTree = "<group>"; };
		FE303C391C215226009D9993 /* 识数字.png */ = {isa = PBXFileReference; lastKnownFileType = image.png; path = "识数字.png"; sourceTree = "<group>"; };
		FE303C3A1C215226009D9993 /* 识颜色.png */ = {isa = PBXFileReference; lastKnownFileType = image.png; path = "识颜色.png"; sourceTree = "<group>"; };
		FE303C3B1C215226009D9993 /* 长方形@2x.png */ = {isa = PBXFileReference; lastKnownFileType = image.png; path = "长方形@2x.png"; sourceTree = "<group>"; };
		FE303C3C1C215226009D9993 /* 马@2x.png */ = {isa = PBXFileReference; lastKnownFileType = image.png; path = "马@2x.png"; sourceTree = "<group>"; };
		FE303C3D1C215226009D9993 /* 鸡@2x.png */ = {isa = PBXFileReference; lastKnownFileType = image.png; path = "鸡@2x.png"; sourceTree = "<group>"; };
		FE303C3E1C215226009D9993 /* 鸭@2x.png */ = {isa = PBXFileReference; lastKnownFileType = image.png; path = "鸭@2x.png"; sourceTree = "<group>"; };
		FE303C3F1C215226009D9993 /* 鹿@2x.png */ = {isa = PBXFileReference; lastKnownFileType = image.png; path = "鹿@2x.png"; sourceTree = "<group>"; };
		FE303C671C215297009D9993 /* BobyBox.pch */ = {isa = PBXFileReference; lastKnownFileType = sourcecode.c.h; path = BobyBox.pch; sourceTree = "<group>"; };
		FE303C681C215856009D9993 /* BabyBox.plist */ = {isa = PBXFileReference; fileEncoding = 4; lastKnownFileType = text.plist.xml; path = BabyBox.plist; sourceTree = "<group>"; };
		FE303C6A1C216054009D9993 /* BB_LearnDetailViewController.h */ = {isa = PBXFileReference; fileEncoding = 4; lastKnownFileType = sourcecode.c.h; path = BB_LearnDetailViewController.h; sourceTree = "<group>"; };
		FE303C6B1C216054009D9993 /* BB_LearnDetailViewController.m */ = {isa = PBXFileReference; fileEncoding = 4; lastKnownFileType = sourcecode.c.objc; path = BB_LearnDetailViewController.m; sourceTree = "<group>"; };
		FE303C6D1C217C78009D9993 /* BB_LearnShapeView.h */ = {isa = PBXFileReference; fileEncoding = 4; lastKnownFileType = sourcecode.c.h; path = BB_LearnShapeView.h; sourceTree = "<group>"; };
		FE303C6E1C217C78009D9993 /* BB_LearnShapeView.m */ = {isa = PBXFileReference; fileEncoding = 4; lastKnownFileType = sourcecode.c.objc; path = BB_LearnShapeView.m; sourceTree = "<group>"; };
		FE303C701C217CA6009D9993 /* BB_LearnNumberView.h */ = {isa = PBXFileReference; fileEncoding = 4; lastKnownFileType = sourcecode.c.h; path = BB_LearnNumberView.h; sourceTree = "<group>"; };
		FE303C711C217CA6009D9993 /* BB_LearnNumberView.m */ = {isa = PBXFileReference; fileEncoding = 4; lastKnownFileType = sourcecode.c.objc; path = BB_LearnNumberView.m; sourceTree = "<group>"; };
		FE303C731C217CBF009D9993 /* BB_LearnAnimal.h */ = {isa = PBXFileReference; fileEncoding = 4; lastKnownFileType = sourcecode.c.h; path = BB_LearnAnimal.h; sourceTree = "<group>"; };
		FE303C741C217CBF009D9993 /* BB_LearnAnimal.m */ = {isa = PBXFileReference; fileEncoding = 4; lastKnownFileType = sourcecode.c.objc; path = BB_LearnAnimal.m; sourceTree = "<group>"; };
/* End PBXFileReference section */

/* Begin PBXFrameworksBuildPhase section */
		FE303BD51C21500F009D9993 /* Frameworks */ = {
			isa = PBXFrameworksBuildPhase;
			buildActionMask = 2147483647;
			files = (
			);
			runOnlyForDeploymentPostprocessing = 0;
		};
		FE303BEE1C21500F009D9993 /* Frameworks */ = {
			isa = PBXFrameworksBuildPhase;
			buildActionMask = 2147483647;
			files = (
			);
			runOnlyForDeploymentPostprocessing = 0;
		};
		FE303BF91C21500F009D9993 /* Frameworks */ = {
			isa = PBXFrameworksBuildPhase;
			buildActionMask = 2147483647;
			files = (
			);
			runOnlyForDeploymentPostprocessing = 0;
		};
/* End PBXFrameworksBuildPhase section */

/* Begin PBXGroup section */
		FE303BCF1C21500F009D9993 = {
			isa = PBXGroup;
			children = (
				FE303BDA1C21500F009D9993 /* lianxi--babyBox */,
				FE303BF41C21500F009D9993 /* lianxi--babyBoxTests */,
				FE303BFF1C21500F009D9993 /* lianxi--babyBoxUITests */,
				FE303BD91C21500F009D9993 /* Products */,
			);
			sourceTree = "<group>";
		};
		FE303BD91C21500F009D9993 /* Products */ = {
			isa = PBXGroup;
			children = (
				FE303BD81C21500F009D9993 /* lianxi--babyBox.app */,
				FE303BF11C21500F009D9993 /* lianxi--babyBoxTests.xctest */,
				FE303BFC1C21500F009D9993 /* lianxi--babyBoxUITests.xctest */,
			);
			name = Products;
			sourceTree = "<group>";
		};
		FE303BDA1C21500F009D9993 /* lianxi--babyBox */ = {
			isa = PBXGroup;
			children = (
				FE303C651C215253009D9993 /* Controller */,
				FE303C661C215253009D9993 /* View */,
				FE303C1A1C215226009D9993 /* Resource */,
				FE303BDB1C21500F009D9993 /* Supporting Files */,
			);
			path = "lianxi--babyBox";
			sourceTree = "<group>";
		};
		FE303BDB1C21500F009D9993 /* Supporting Files */ = {
			isa = PBXGroup;
			children = (
				FE303BDE1C21500F009D9993 /* AppDelegate.h */,
				FE303BDF1C21500F009D9993 /* AppDelegate.m */,
				FE303C671C215297009D9993 /* BobyBox.pch */,
				FE303BE41C21500F009D9993 /* Main.storyboard */,
				FE303BE71C21500F009D9993 /* Assets.xcassets */,
				FE303BE91C21500F009D9993 /* LaunchScreen.storyboard */,
				FE303BEC1C21500F009D9993 /* Info.plist */,
				FE303BDC1C21500F009D9993 /* main.m */,
			);
			name = "Supporting Files";
			sourceTree = "<group>";
		};
		FE303BF41C21500F009D9993 /* lianxi--babyBoxTests */ = {
			isa = PBXGroup;
			children = (
				FE303BF51C21500F009D9993 /* lianxi__babyBoxTests.m */,
				FE303BF71C21500F009D9993 /* Info.plist */,
			);
			path = "lianxi--babyBoxTests";
			sourceTree = "<group>";
		};
		FE303BFF1C21500F009D9993 /* lianxi--babyBoxUITests */ = {
			isa = PBXGroup;
			children = (
				FE303C001C21500F009D9993 /* lianxi__babyBoxUITests.m */,
				FE303C021C21500F009D9993 /* Info.plist */,
			);
			path = "lianxi--babyBoxUITests";
			sourceTree = "<group>";
		};
		FE303C1A1C215226009D9993 /* Resource */ = {
			isa = PBXGroup;
			children = (
				FE303C1B1C215226009D9993 /* 1@2x.png */,
				FE303C1C1C215226009D9993 /* 2@2x.png */,
				FE303C1D1C215226009D9993 /* 3@2x.png */,
				FE303C1E1C215226009D9993 /* 4@2x.png */,
				FE303C1F1C215226009D9993 /* 5@2x.png */,
				FE303C201C215226009D9993 /* 6@2x.png */,
				FE303C211C215226009D9993 /* 7@2x.png */,
				FE303C221C215226009D9993 /* 8@2x.png */,
				FE303C231C215226009D9993 /* 9@2x.png */,
				FE303C241C215226009D9993 /* Icon.png */,
				FE303C251C215226009D9993 /* treasure.png */,
				FE303C261C215226009D9993 /* 三角形@2x.png */,
				FE303C271C215226009D9993 /* 听.png */,
				FE303C281C215226009D9993 /* 听@2x.png */,
				FE303C291C215226009D9993 /* 圆形@2x.png */,
				FE303C2A1C215226009D9993 /* 我.png */,
				FE303C2B1C215226009D9993 /* 我@2x.png */,
				FE303C2C1C215226009D9993 /* 梯形@2x.png */,
				FE303C2D1C215226009D9993 /* 正方形@2x.png */,
				FE303C2E1C215226009D9993 /* 牛@2x.png */,
				FE303C2F1C215226009D9993 /* 狗@2x.png */,
				FE303C301C215226009D9993 /* 猪@2x.png */,
				FE303C311C215226009D9993 /* 猫@2x.png */,
				FE303C321C215226009D9993 /* 羊@2x.png */,
				FE303C331C215226009D9993 /* 老鼠@2x.png */,
				FE303C341C215226009D9993 /* 菱形@2x.png */,
				FE303C351C215226009D9993 /* 识.png */,
				FE303C361C215226009D9993 /* 识@2x.png */,
				FE303C371C215226009D9993 /* 识动物.png */,
				FE303C381C215226009D9993 /* 识形状.png */,
				FE303C391C215226009D9993 /* 识数字.png */,
				FE303C3A1C215226009D9993 /* 识颜色.png */,
				FE303C3B1C215226009D9993 /* 长方形@2x.png */,
				FE303C3C1C215226009D9993 /* 马@2x.png */,
				FE303C3D1C215226009D9993 /* 鸡@2x.png */,
				FE303C3E1C215226009D9993 /* 鸭@2x.png */,
				FE303C3F1C215226009D9993 /* 鹿@2x.png */,
			);
			path = Resource;
			sourceTree = "<group>";
		};
		FE303C651C215253009D9993 /* Controller */ = {
			isa = PBXGroup;
			children = (
				FE303C0E1C215108009D9993 /* BB_BaseViewController.h */,
				FE303C0F1C215108009D9993 /* BB_BaseViewController.m */,
				FE303C111C215125009D9993 /* BB_LearnViewController.h */,
				FE303C121C215125009D9993 /* BB_LearnViewController.m */,
				FE303C141C215180009D9993 /* BB_StoryViewController.h */,
				FE303C151C215180009D9993 /* BB_StoryViewController.m */,
				FE303C171C215191009D9993 /* BB_MineViewController.h */,
				FE303C181C215191009D9993 /* BB_MineViewController.m */,
				FE303C6A1C216054009D9993 /* BB_LearnDetailViewController.h */,
				FE303C6B1C216054009D9993 /* BB_LearnDetailViewController.m */,
				FE303C681C215856009D9993 /* BabyBox.plist */,
			);
			name = Controller;
			path = Resource/Controller;
			sourceTree = "<group>";
		};
		FE303C661C215253009D9993 /* View */ = {
			isa = PBXGroup;
			children = (
				FE303C6D1C217C78009D9993 /* BB_LearnShapeView.h */,
				FE303C6E1C217C78009D9993 /* BB_LearnShapeView.m */,
				FE303C701C217CA6009D9993 /* BB_LearnNumberView.h */,
				FE303C711C217CA6009D9993 /* BB_LearnNumberView.m */,
				FE303C731C217CBF009D9993 /* BB_LearnAnimal.h */,
				FE303C741C217CBF009D9993 /* BB_LearnAnimal.m */,
			);
			name = View;
			path = Resource/View;
			sourceTree = "<group>";
		};
/* End PBXGroup section */

/* Begin PBXNativeTarget section */
		FE303BD71C21500F009D9993 /* lianxi--babyBox */ = {
			isa = PBXNativeTarget;
			buildConfigurationList = FE303C051C21500F009D9993 /* Build configuration list for PBXNativeTarget "lianxi--babyBox" */;
			buildPhases = (
				FE303BD41C21500F009D9993 /* Sources */,
				FE303BD51C21500F009D9993 /* Frameworks */,
				FE303BD61C21500F009D9993 /* Resources */,
			);
			buildRules = (
			);
			dependencies = (
			);
			name = "lianxi--babyBox";
			productName = "lianxi--babyBox";
			productReference = FE303BD81C21500F009D9993 /* lianxi--babyBox.app */;
			productType = "com.apple.product-type.application";
		};
		FE303BF01C21500F009D9993 /* lianxi--babyBoxTests */ = {
			isa = PBXNativeTarget;
			buildConfigurationList = FE303C081C21500F009D9993 /* Build configuration list for PBXNativeTarget "lianxi--babyBoxTests" */;
			buildPhases = (
				FE303BED1C21500F009D9993 /* Sources */,
				FE303BEE1C21500F009D9993 /* Frameworks */,
				FE303BEF1C21500F009D9993 /* Resources */,
			);
			buildRules = (
			);
			dependencies = (
				FE303BF31C21500F009D9993 /* PBXTargetDependency */,
			);
			name = "lianxi--babyBoxTests";
			productName = "lianxi--babyBoxTests";
			productReference = FE303BF11C21500F009D9993 /* lianxi--babyBoxTests.xctest */;
			productType = "com.apple.product-type.bundle.unit-test";
		};
		FE303BFB1C21500F009D9993 /* lianxi--babyBoxUITests */ = {
			isa = PBXNativeTarget;
			buildConfigurationList = FE303C0B1C21500F009D9993 /* Build configuration list for PBXNativeTarget "lianxi--babyBoxUITests" */;
			buildPhases = (
				FE303BF81C21500F009D9993 /* Sources */,
				FE303BF91C21500F009D9993 /* Frameworks */,
				FE303BFA1C21500F009D9993 /* Resources */,
			);
			buildRules = (
			);
			dependencies = (
				FE303BFE1C21500F009D9993 /* PBXTargetDependency */,
			);
			name = "lianxi--babyBoxUITests";
			productName = "lianxi--babyBoxUITests";
			productReference = FE303BFC1C21500F009D9993 /* lianxi--babyBoxUITests.xctest */;
			productType = "com.apple.product-type.bundle.ui-testing";
		};
/* End PBXNativeTarget section */

/* Begin PBXProject section */
		FE303BD01C21500F009D9993 /* Project object */ = {
			isa = PBXProject;
			attributes = {
				LastUpgradeCheck = 0710;
				ORGANIZATIONNAME = "王龙";
				TargetAttributes = {
					FE303BD71C21500F009D9993 = {
						CreatedOnToolsVersion = 7.1;
					};
					FE303BF01C21500F009D9993 = {
						CreatedOnToolsVersion = 7.1;
						TestTargetID = FE303BD71C21500F009D9993;
					};
					FE303BFB1C21500F009D9993 = {
						CreatedOnToolsVersion = 7.1;
						TestTargetID = FE303BD71C21500F009D9993;
					};
				};
			};
			buildConfigurationList = FE303BD31C21500F009D9993 /* Build configuration list for PBXProject "lianxi--babyBox" */;
			compatibilityVersion = "Xcode 3.2";
			developmentRegion = English;
			hasScannedForEncodings = 0;
			knownRegions = (
				en,
				Base,
			);
			mainGroup = FE303BCF1C21500F009D9993;
			productRefGroup = FE303BD91C21500F009D9993 /* Products */;
			projectDirPath = "";
			projectRoot = "";
			targets = (
				FE303BD71C21500F009D9993 /* lianxi--babyBox */,
				FE303BF01C21500F009D9993 /* lianxi--babyBoxTests */,
				FE303BFB1C21500F009D9993 /* lianxi--babyBoxUITests */,
			);
		};
/* End PBXProject section */

/* Begin PBXResourcesBuildPhase section */
		FE303BD61C21500F009D9993 /* Resources */ = {
			isa = PBXResourcesBuildPhase;
			buildActionMask = 2147483647;
			files = (
				FE303C691C215856009D9993 /* BabyBox.plist in Resources */,
				FE303C451C215226009D9993 /* 6@2x.png in Resources */,
				FE303C591C215226009D9993 /* 菱形@2x.png in Resources */,
				FE303C551C215226009D9993 /* 猪@2x.png in Resources */,
				FE303C531C215226009D9993 /* 牛@2x.png in Resources */,
				FE303C471C215226009D9993 /* 8@2x.png in Resources */,
				FE303C561C215226009D9993 /* 猫@2x.png in Resources */,
				FE303C501C215226009D9993 /* 我@2x.png in Resources */,
				FE303C421C215226009D9993 /* 3@2x.png in Resources */,
				FE303C461C215226009D9993 /* 7@2x.png in Resources */,
				FE303C4C1C215226009D9993 /* 听.png in Resources */,
				FE303C5B1C215226009D9993 /* 识@2x.png in Resources */,
				FE303C431C215226009D9993 /* 4@2x.png in Resources */,
				FE303C641C215226009D9993 /* 鹿@2x.png in Resources */,
				FE303C441C215226009D9993 /* 5@2x.png in Resources */,
				FE303C5A1C215226009D9993 /* 识.png in Resources */,
				FE303C481C215226009D9993 /* 9@2x.png in Resources */,
				FE303C511C215226009D9993 /* 梯形@2x.png in Resources */,
				FE303C621C215226009D9993 /* 鸡@2x.png in Resources */,
				FE303C491C215226009D9993 /* Icon.png in Resources */,
				FE303C5C1C215226009D9993 /* 识动物.png in Resources */,
				FE303C541C215226009D9993 /* 狗@2x.png in Resources */,
				FE303C4F1C215226009D9993 /* 我.png in Resources */,
				FE303BEB1C21500F009D9993 /* LaunchScreen.storyboard in Resources */,
				FE303BE81C21500F009D9993 /* Assets.xcassets in Resources */,
				FE303C411C215226009D9993 /* 2@2x.png in Resources */,
				FE303C5E1C215226009D9993 /* 识数字.png in Resources */,
				FE303C581C215226009D9993 /* 老鼠@2x.png in Resources */,
				FE303C521C215226009D9993 /* 正方形@2x.png in Resources */,
				FE303C5F1C215226009D9993 /* 识颜色.png in Resources */,
				FE303C401C215226009D9993 /* 1@2x.png in Resources */,
				FE303C4D1C215226009D9993 /* 听@2x.png in Resources */,
				FE303C4B1C215226009D9993 /* 三角形@2x.png in Resources */,
				FE303C4A1C215226009D9993 /* treasure.png in Resources */,
				FE303C4E1C215226009D9993 /* 圆形@2x.png in Resources */,
				FE303C5D1C215226009D9993 /* 识形状.png in Resources */,
				FE303C611C215226009D9993 /* 马@2x.png in Resources */,
				FE303C601C215226009D9993 /* 长方形@2x.png in Resources */,
				FE303C571C215226009D9993 /* 羊@2x.png in Resources */,
				FE303C631C215226009D9993 /* 鸭@2x.png in Resources */,
				FE303BE61C21500F009D9993 /* Main.storyboard in Resources */,
			);
			runOnlyForDeploymentPostprocessing = 0;
		};
		FE303BEF1C21500F009D9993 /* Resources */ = {
			isa = PBXResourcesBuildPhase;
			buildActionMask = 2147483647;
			files = (
			);
			runOnlyForDeploymentPostprocessing = 0;
		};
		FE303BFA1C21500F009D9993 /* Resources */ = {
			isa = PBXResourcesBuildPhase;
			buildActionMask = 2147483647;
			files = (
			);
			runOnlyForDeploymentPostprocessing = 0;
		};
/* End PBXResourcesBuildPhase section */

/* Begin PBXSourcesBuildPhase section */
		FE303BD41C21500F009D9993 /* Sources */ = {
			isa = PBXSourcesBuildPhase;
			buildActionMask = 2147483647;
			files = (
				FE303C721C217CA6009D9993 /* BB_LearnNumberView.m in Sources */,
				FE303BE01C21500F009D9993 /* AppDelegate.m in Sources */,
				FE303BDD1C21500F009D9993 /* main.m in Sources */,
				FE303C161C215180009D9993 /* BB_StoryViewController.m in Sources */,
				FE303C191C215191009D9993 /* BB_MineViewController.m in Sources */,
				FE303C6C1C216054009D9993 /* BB_LearnDetailViewController.m in Sources */,
				FE303C751C217CBF009D9993 /* BB_LearnAnimal.m in Sources */,
				FE303C101C215108009D9993 /* BB_BaseViewController.m in Sources */,
				FE303C131C215125009D9993 /* BB_LearnViewController.m in Sources */,
				FE303C6F1C217C78009D9993 /* BB_LearnShapeView.m in Sources */,
			);
			runOnlyForDeploymentPostprocessing = 0;
		};
		FE303BED1C21500F009D9993 /* Sources */ = {
			isa = PBXSourcesBuildPhase;
			buildActionMask = 2147483647;
			files = (
				FE303BF61C21500F009D9993 /* lianxi__babyBoxTests.m in Sources */,
			);
			runOnlyForDeploymentPostprocessing = 0;
		};
		FE303BF81C21500F009D9993 /* Sources */ = {
			isa = PBXSourcesBuildPhase;
			buildActionMask = 2147483647;
			files = (
				FE303C011C21500F009D9993 /* lianxi__babyBoxUITests.m in Sources */,
			);
			runOnlyForDeploymentPostprocessing = 0;
		};
/* End PBXSourcesBuildPhase section */

/* Begin PBXTargetDependency section */
		FE303BF31C21500F009D9993 /* PBXTargetDependency */ = {
			isa = PBXTargetDependency;
			target = FE303BD71C21500F009D9993 /* lianxi--babyBox */;
			targetProxy = FE303BF21C21500F009D9993 /* PBXContainerItemProxy */;
		};
		FE303BFE1C21500F009D9993 /* PBXTargetDependency */ = {
			isa = PBXTargetDependency;
			target = FE303BD71C21500F009D9993 /* lianxi--babyBox */;
			targetProxy = FE303BFD1C21500F009D9993 /* PBXContainerItemProxy */;
		};
/* End PBXTargetDependency section */

/* Begin PBXVariantGroup section */
		FE303BE41C21500F009D9993 /* Main.storyboard */ = {
			isa = PBXVariantGroup;
			children = (
				FE303BE51C21500F009D9993 /* Base */,
			);
			name = Main.storyboard;
			sourceTree = "<group>";
		};
		FE303BE91C21500F009D9993 /* LaunchScreen.storyboard */ = {
			isa = PBXVariantGroup;
			children = (
				FE303BEA1C21500F009D9993 /* Base */,
			);
			name = LaunchScreen.storyboard;
			sourceTree = "<group>";
		};
/* End PBXVariantGroup section */

/* Begin XCBuildConfiguration section */
		FE303C031C21500F009D9993 /* Debug */ = {
			isa = XCBuildConfiguration;
			buildSettings = {
				ALWAYS_SEARCH_USER_PATHS = NO;
				CLANG_CXX_LANGUAGE_STANDARD = "gnu++0x";
				CLANG_CXX_LIBRARY = "libc++";
				CLANG_ENABLE_MODULES = YES;
				CLANG_ENABLE_OBJC_ARC = YES;
				CLANG_WARN_BOOL_CONVERSION = YES;
				CLANG_WARN_CONSTANT_CONVERSION = YES;
				CLANG_WARN_DIRECT_OBJC_ISA_USAGE = YES_ERROR;
				CLANG_WARN_EMPTY_BODY = YES;
				CLANG_WARN_ENUM_CONVERSION = YES;
				CLANG_WARN_INT_CONVERSION = YES;
				CLANG_WARN_OBJC_ROOT_CLASS = YES_ERROR;
				CLANG_WARN_UNREACHABLE_CODE = YES;
				CLANG_WARN__DUPLICATE_METHOD_MATCH = YES;
				"CODE_SIGN_IDENTITY[sdk=iphoneos*]" = "iPhone Developer";
				COPY_PHASE_STRIP = NO;
				DEBUG_INFORMATION_FORMAT = dwarf;
				ENABLE_STRICT_OBJC_MSGSEND = YES;
				ENABLE_TESTABILITY = YES;
				GCC_C_LANGUAGE_STANDARD = gnu99;
				GCC_DYNAMIC_NO_PIC = NO;
				GCC_NO_COMMON_BLOCKS = YES;
				GCC_OPTIMIZATION_LEVEL = 0;
				GCC_PREPROCESSOR_DEFINITIONS = (
					"DEBUG=1",
					"$(inherited)",
				);
				GCC_WARN_64_TO_32_BIT_CONVERSION = YES;
				GCC_WARN_ABOUT_RETURN_TYPE = YES_ERROR;
				GCC_WARN_UNDECLARED_SELECTOR = YES;
				GCC_WARN_UNINITIALIZED_AUTOS = YES_AGGRESSIVE;
				GCC_WARN_UNUSED_FUNCTION = YES;
				GCC_WARN_UNUSED_VARIABLE = YES;
				IPHONEOS_DEPLOYMENT_TARGET = 9.1;
				MTL_ENABLE_DEBUG_INFO = YES;
				ONLY_ACTIVE_ARCH = YES;
				SDKROOT = iphoneos;
			};
			name = Debug;
		};
		FE303C041C21500F009D9993 /* Release */ = {
			isa = XCBuildConfiguration;
			buildSettings = {
				ALWAYS_SEARCH_USER_PATHS = NO;
				CLANG_CXX_LANGUAGE_STANDARD = "gnu++0x";
				CLANG_CXX_LIBRARY = "libc++";
				CLANG_ENABLE_MODULES = YES;
				CLANG_ENABLE_OBJC_ARC = YES;
				CLANG_WARN_BOOL_CONVERSION = YES;
				CLANG_WARN_CONSTANT_CONVERSION = YES;
				CLANG_WARN_DIRECT_OBJC_ISA_USAGE = YES_ERROR;
				CLANG_WARN_EMPTY_BODY = YES;
				CLANG_WARN_ENUM_CONVERSION = YES;
				CLANG_WARN_INT_CONVERSION = YES;
				CLANG_WARN_OBJC_ROOT_CLASS = YES_ERROR;
				CLANG_WARN_UNREACHABLE_CODE = YES;
				CLANG_WARN__DUPLICATE_METHOD_MATCH = YES;
				"CODE_SIGN_IDENTITY[sdk=iphoneos*]" = "iPhone Developer";
				COPY_PHASE_STRIP = NO;
				DEBUG_INFORMATION_FORMAT = "dwarf-with-dsym";
				ENABLE_NS_ASSERTIONS = NO;
				ENABLE_STRICT_OBJC_MSGSEND = YES;
				GCC_C_LANGUAGE_STANDARD = gnu99;
				GCC_NO_COMMON_BLOCKS = YES;
				GCC_WARN_64_TO_32_BIT_CONVERSION = YES;
				GCC_WARN_ABOUT_RETURN_TYPE = YES_ERROR;
				GCC_WARN_UNDECLARED_SELECTOR = YES;
				GCC_WARN_UNINITIALIZED_AUTOS = YES_AGGRESSIVE;
				GCC_WARN_UNUSED_FUNCTION = YES;
				GCC_WARN_UNUSED_VARIABLE = YES;
				IPHONEOS_DEPLOYMENT_TARGET = 9.1;
				MTL_ENABLE_DEBUG_INFO = NO;
				SDKROOT = iphoneos;
				VALIDATE_PRODUCT = YES;
			};
			name = Release;
		};
		FE303C061C21500F009D9993 /* Debug */ = {
			isa = XCBuildConfiguration;
			buildSettings = {
				ASSETCATALOG_COMPILER_APPICON_NAME = AppIcon;
				GCC_PREFIX_HEADER = "$(SRCROOT)/lianxi--babyBox/BobyBox.pch";
				INFOPLIST_FILE = "lianxi--babyBox/Info.plist";
				LD_RUNPATH_SEARCH_PATHS = "$(inherited) @executable_path/Frameworks";
				PRODUCT_BUNDLE_IDENTIFIER = "ss.lianxi--babyBox";
				PRODUCT_NAME = "$(TARGET_NAME)";
			};
			name = Debug;
		};
		FE303C071C21500F009D9993 /* Release */ = {
			isa = XCBuildConfiguration;
			buildSettings = {
				ASSETCATALOG_COMPILER_APPICON_NAME = AppIcon;
				GCC_PREFIX_HEADER = "$(SRCROOT)/lianxi--babyBox/BobyBox.pch";
				INFOPLIST_FILE = "lianxi--babyBox/Info.plist";
				LD_RUNPATH_SEARCH_PATHS = "$(inherited) @executable_path/Frameworks";
				PRODUCT_BUNDLE_IDENTIFIER = "ss.lianxi--babyBox";
				PRODUCT_NAME = "$(TARGET_NAME)";
			};
			name = Release;
		};
		FE303C091C21500F009D9993 /* Debug */ = {
			isa = XCBuildConfiguration;
			buildSettings = {
				BUNDLE_LOADER = "$(TEST_HOST)";
				INFOPLIST_FILE = "lianxi--babyBoxTests/Info.plist";
				LD_RUNPATH_SEARCH_PATHS = "$(inherited) @executable_path/Frameworks @loader_path/Frameworks";
				PRODUCT_BUNDLE_IDENTIFIER = "ss.lianxi--babyBoxTests";
				PRODUCT_NAME = "$(TARGET_NAME)";
				TEST_HOST = "$(BUILT_PRODUCTS_DIR)/lianxi--babyBox.app/lianxi--babyBox";
			};
			name = Debug;
		};
		FE303C0A1C21500F009D9993 /* Release */ = {
			isa = XCBuildConfiguration;
			buildSettings = {
				BUNDLE_LOADER = "$(TEST_HOST)";
				INFOPLIST_FILE = "lianxi--babyBoxTests/Info.plist";
				LD_RUNPATH_SEARCH_PATHS = "$(inherited) @executable_path/Frameworks @loader_path/Frameworks";
				PRODUCT_BUNDLE_IDENTIFIER = "ss.lianxi--babyBoxTests";
				PRODUCT_NAME = "$(TARGET_NAME)";
				TEST_HOST = "$(BUILT_PRODUCTS_DIR)/lianxi--babyBox.app/lianxi--babyBox";
			};
			name = Release;
		};
		FE303C0C1C21500F009D9993 /* Debug */ = {
			isa = XCBuildConfiguration;
			buildSettings = {
				INFOPLIST_FILE = "lianxi--babyBoxUITests/Info.plist";
				LD_RUNPATH_SEARCH_PATHS = "$(inherited) @executable_path/Frameworks @loader_path/Frameworks";
				PRODUCT_BUNDLE_IDENTIFIER = "ss.lianxi--babyBoxUITests";
				PRODUCT_NAME = "$(TARGET_NAME)";
				TEST_TARGET_NAME = "lianxi--babyBox";
				USES_XCTRUNNER = YES;
			};
			name = Debug;
		};
		FE303C0D1C21500F009D9993 /* Release */ = {
			isa = XCBuildConfiguration;
			buildSettings = {
				INFOPLIST_FILE = "lianxi--babyBoxUITests/Info.plist";
				LD_RUNPATH_SEARCH_PATHS = "$(inherited) @executable_path/Frameworks @loader_path/Frameworks";
				PRODUCT_BUNDLE_IDENTIFIER = "ss.lianxi--babyBoxUITests";
				PRODUCT_NAME = "$(TARGET_NAME)";
				TEST_TARGET_NAME = "lianxi--babyBox";
				USES_XCTRUNNER = YES;
			};
			name = Release;
		};
/* End XCBuildConfiguration section */

/* Begin XCConfigurationList section */
		FE303BD31C21500F009D9993 /* Build configuration list for PBXProject "lianxi--babyBox" */ = {
			isa = XCConfigurationList;
			buildConfigurations = (
				FE303C031C21500F009D9993 /* Debug */,
				FE303C041C21500F009D9993 /* Release */,
			);
			defaultConfigurationIsVisible = 0;
			defaultConfigurationName = Release;
		};
		FE303C051C21500F009D9993 /* Build configuration list for PBXNativeTarget "lianxi--babyBox" */ = {
			isa = XCConfigurationList;
			buildConfigurations = (
				FE303C061C21500F009D9993 /* Debug */,
				FE303C071C21500F009D9993 /* Release */,
			);
			defaultConfigurationIsVisible = 0;
		};
		FE303C081C21500F009D9993 /* Build configuration list for PBXNativeTarget "lianxi--babyBoxTests" */ = {
			isa = XCConfigurationList;
			buildConfigurations = (
				FE303C091C21500F009D9993 /* Debug */,
				FE303C0A1C21500F009D9993 /* Release */,
			);
			defaultConfigurationIsVisible = 0;
		};
		FE303C0B1C21500F009D9993 /* Build configuration list for PBXNativeTarget "lianxi--babyBoxUITests" */ = {
			isa = XCConfigurationList;
			buildConfigurations = (
				FE303C0C1C21500F009D9993 /* Debug */,
				FE303C0D1C21500F009D9993 /* Release */,
			);
			defaultConfigurationIsVisible = 0;
		};
/* End XCConfigurationList section */
	};
	rootObject = FE303BD01C21500F009D9993 /* Project object */;
}
